PODS:
  - Alamofire (5.5.0)
  - NeedleFoundation (0.17.2)
  - R.swift (6.1.0):
    - R.swift.Library (~> 5.3.0)
  - R.swift.Library (5.3.0)
  - SnapKit (4.2.0)

DEPENDENCIES:
  - Alamofire (~> 5.5)
  - NeedleFoundation
  - R.swift
  - SnapKit (~> 4.0)

SPEC REPOS:
  https://github.com/CocoaPods/Specs.git:
    - Alamofire
    - NeedleFoundation
    - R.swift
    - R.swift.Library
    - SnapKit

SPEC CHECKSUMS:
  Alamofire: 1c4fb5369c3fe93d2857c780d8bbe09f06f97e7c
  NeedleFoundation: 36cfaea9ae9eb527a796f5c1df19296c722666b8
  R.swift: ec98ff71c4ab2f6fd01dd077e5afd15e63a4834c
  R.swift.Library: 0fc583cb55a99e28901299cc451614cad1161962
  SnapKit: fe8a619752f3f27075cc9a90244d75c6c3f27e2a

PODFILE CHECKSUM: 8909d89f7e35be579f5f81126e905f0ce4425f99

COCOAPODS: 1.11.2
