// !$*UTF8*$!
{
	archiveVersion = 1;
	classes = {
	};
	objectVersion = 55;
	objects = {

/* Begin PBXBuildFile section */
		730355C327591AE60068DCC8 /* TodayCellBackgroundView.swift in Sources */ = {isa = PBXBuildFile; fileRef = 730355C227591AE60068DCC8 /* TodayCellBackgroundView.swift */; };
		730355C727591E5F0068DCC8 /* TodayCellStackView.swift in Sources */ = {isa = PBXBuildFile; fileRef = 730355C627591E5F0068DCC8 /* TodayCellStackView.swift */; };
		730355C92759238A0068DCC8 /* TodayCellView.swift in Sources */ = {isa = PBXBuildFile; fileRef = 730355C82759238A0068DCC8 /* TodayCellView.swift */; };
		730355CC275A01930068DCC8 /* RecentDayCellView.swift in Sources */ = {isa = PBXBuildFile; fileRef = 730355CB275A01930068DCC8 /* RecentDayCellView.swift */; };
		730355CE275A101D0068DCC8 /* RecentDayCellBackView.swift in Sources */ = {isa = PBXBuildFile; fileRef = 730355CD275A101D0068DCC8 /* RecentDayCellBackView.swift */; };
		730355D1275A1C450068DCC8 /* RecentDayCollectionView.swift in Sources */ = {isa = PBXBuildFile; fileRef = 730355D0275A1C450068DCC8 /* RecentDayCollectionView.swift */; };
		730355D3275A1DA10068DCC8 /* SeparatorView.swift in Sources */ = {isa = PBXBuildFile; fileRef = 730355D2275A1DA10068DCC8 /* SeparatorView.swift */; };
		730355D6275A23630068DCC8 /* RecentHeaderView.swift in Sources */ = {isa = PBXBuildFile; fileRef = 730355D5275A23630068DCC8 /* RecentHeaderView.swift */; };
		7358E6BC274E72E100926C02 /* HourWeatherCell.swift in Sources */ = {isa = PBXBuildFile; fileRef = 7358E6BB274E72E100926C02 /* HourWeatherCell.swift */; };
		7358E6C62751024500926C02 /* CitySearchViewController.swift in Sources */ = {isa = PBXBuildFile; fileRef = 7358E6C52751024500926C02 /* CitySearchViewController.swift */; };
		73765C502758D15700C1CA4E /* Manrope-ExtraBold.ttf in Resources */ = {isa = PBXBuildFile; fileRef = 73765C4C2758D15700C1CA4E /* Manrope-ExtraBold.ttf */; };
		73765C512758D15700C1CA4E /* Manrope-Bold.ttf in Resources */ = {isa = PBXBuildFile; fileRef = 73765C4D2758D15700C1CA4E /* Manrope-Bold.ttf */; };
		73765C522758D15700C1CA4E /* Manrope-Medium.ttf in Resources */ = {isa = PBXBuildFile; fileRef = 73765C4E2758D15700C1CA4E /* Manrope-Medium.ttf */; };
		73765C532758D15700C1CA4E /* Manrope-SemiBold.ttf in Resources */ = {isa = PBXBuildFile; fileRef = 73765C4F2758D15700C1CA4E /* Manrope-SemiBold.ttf */; };
		73765C552758DC6100C1CA4E /* TodayDataProtocolExtendWeatherModel.swift in Sources */ = {isa = PBXBuildFile; fileRef = 73765C542758DC6100C1CA4E /* TodayDataProtocolExtendWeatherModel.swift */; };
		73765C572759039100C1CA4E /* MainTableView.swift in Sources */ = {isa = PBXBuildFile; fileRef = 73765C562759039100C1CA4E /* MainTableView.swift */; };
		73765C592759114C00C1CA4E /* WeatherCellLabel.swift in Sources */ = {isa = PBXBuildFile; fileRef = 73765C582759114C00C1CA4E /* WeatherCellLabel.swift */; };
		737B1C872751286700397F19 /* CityCollectionViewCell.swift in Sources */ = {isa = PBXBuildFile; fileRef = 737B1C862751286700397F19 /* CityCollectionViewCell.swift */; };
		737B1C892752807500397F19 /* WeatherCityNameLabel.swift in Sources */ = {isa = PBXBuildFile; fileRef = 737B1C882752807500397F19 /* WeatherCityNameLabel.swift */; };
		737B1C8B2752972300397F19 /* WeatherCityNameTextField.swift in Sources */ = {isa = PBXBuildFile; fileRef = 737B1C8A2752972300397F19 /* WeatherCityNameTextField.swift */; };
		737B1C8D27538A4900397F19 /* NetworkController.swift in Sources */ = {isa = PBXBuildFile; fileRef = 737B1C8C27538A4900397F19 /* NetworkController.swift */; };
		737B1C8F275392E700397F19 /* LocationManager.swift in Sources */ = {isa = PBXBuildFile; fileRef = 737B1C8E275392E700397F19 /* LocationManager.swift */; };
		737B1C912753930E00397F19 /* MainPresenter.swift in Sources */ = {isa = PBXBuildFile; fileRef = 737B1C902753930E00397F19 /* MainPresenter.swift */; };
		737B1C93275393FB00397F19 /* APIResource.swift in Sources */ = {isa = PBXBuildFile; fileRef = 737B1C92275393FB00397F19 /* APIResource.swift */; };
		737B1C952753964C00397F19 /* Foundation+Extensions.swift in Sources */ = {isa = PBXBuildFile; fileRef = 737B1C942753964C00397F19 /* Foundation+Extensions.swift */; };
		737B1C9727539E5D00397F19 /* Location.swift in Sources */ = {isa = PBXBuildFile; fileRef = 737B1C9627539E5D00397F19 /* Location.swift */; };
		737B1C992753A38C00397F19 /* WeatherAppErrors.swift in Sources */ = {isa = PBXBuildFile; fileRef = 737B1C982753A38C00397F19 /* WeatherAppErrors.swift */; };
		737B1C9C2753B79100397F19 /* DIConteiner.swift in Sources */ = {isa = PBXBuildFile; fileRef = 737B1C9B2753B79100397F19 /* DIConteiner.swift */; };
		737B1CA72756700200397F19 /* CurrentDayView.swift in Sources */ = {isa = PBXBuildFile; fileRef = 737B1CA62756700200397F19 /* CurrentDayView.swift */; };
		737B1CAA2756757100397F19 /* CurrentDayViewCell.swift in Sources */ = {isa = PBXBuildFile; fileRef = 737B1CA92756757100397F19 /* CurrentDayViewCell.swift */; };
		737B1CD92757840500397F19 /* Forecast.swift in Sources */ = {isa = PBXBuildFile; fileRef = 737B1CD82757840500397F19 /* Forecast.swift */; };
		737B1CDB27578D0000397F19 /* HoursWeatherModel.swift in Sources */ = {isa = PBXBuildFile; fileRef = 737B1CDA27578D0000397F19 /* HoursWeatherModel.swift */; };
		737B1CDD2757962900397F19 /* JSONWeatherData.swift in Sources */ = {isa = PBXBuildFile; fileRef = 737B1CDC2757962900397F19 /* JSONWeatherData.swift */; };
		73F0379B274BD67600C130FC /* AppDelegate.swift in Sources */ = {isa = PBXBuildFile; fileRef = 73F0379A274BD67600C130FC /* AppDelegate.swift */; };
		73F0379D274BD67600C130FC /* SceneDelegate.swift in Sources */ = {isa = PBXBuildFile; fileRef = 73F0379C274BD67600C130FC /* SceneDelegate.swift */; };
		73F037A4274BD67800C130FC /* Assets.xcassets in Resources */ = {isa = PBXBuildFile; fileRef = 73F037A3274BD67800C130FC /* Assets.xcassets */; };
		73F037A7274BD67800C130FC /* LaunchScreen.storyboard in Resources */ = {isa = PBXBuildFile; fileRef = 73F037A5274BD67800C130FC /* LaunchScreen.storyboard */; };
		73F037B4274BE11E00C130FC /* UIKit+Extensions.swift in Sources */ = {isa = PBXBuildFile; fileRef = 73F037B3274BE11E00C130FC /* UIKit+Extensions.swift */; };
		73F037B6274BE33600C130FC /* MainViewController.swift in Sources */ = {isa = PBXBuildFile; fileRef = 73F037B5274BE33600C130FC /* MainViewController.swift */; };
		73F037B8274BE52700C130FC /* WeatherModel.swift in Sources */ = {isa = PBXBuildFile; fileRef = 73F037B7274BE52700C130FC /* WeatherModel.swift */; };
		73FD63C4274CF7E400E33A61 /* TodayCell.swift in Sources */ = {isa = PBXBuildFile; fileRef = 73FD63C3274CF7E400E33A61 /* TodayCell.swift */; };
		73FD63C6274D32BC00E33A61 /* RecentDayCell.swift in Sources */ = {isa = PBXBuildFile; fileRef = 73FD63C5274D32BC00E33A61 /* RecentDayCell.swift */; };
		73FD63C8274E38DE00E33A61 /* Fonts.swift in Sources */ = {isa = PBXBuildFile; fileRef = 73FD63C7274E38DE00E33A61 /* Fonts.swift */; };
/* End PBXBuildFile section */

/* Begin PBXFileReference section */
		730355C227591AE60068DCC8 /* TodayCellBackgroundView.swift */ = {isa = PBXFileReference; lastKnownFileType = sourcecode.swift; path = TodayCellBackgroundView.swift; sourceTree = "<group>"; };
		730355C627591E5F0068DCC8 /* TodayCellStackView.swift */ = {isa = PBXFileReference; lastKnownFileType = sourcecode.swift; path = TodayCellStackView.swift; sourceTree = "<group>"; };
		730355C82759238A0068DCC8 /* TodayCellView.swift */ = {isa = PBXFileReference; lastKnownFileType = sourcecode.swift; path = TodayCellView.swift; sourceTree = "<group>"; };
		730355CB275A01930068DCC8 /* RecentDayCellView.swift */ = {isa = PBXFileReference; lastKnownFileType = sourcecode.swift; path = RecentDayCellView.swift; sourceTree = "<group>"; };
		730355CD275A101D0068DCC8 /* RecentDayCellBackView.swift */ = {isa = PBXFileReference; lastKnownFileType = sourcecode.swift; path = RecentDayCellBackView.swift; sourceTree = "<group>"; };
		730355D0275A1C450068DCC8 /* RecentDayCollectionView.swift */ = {isa = PBXFileReference; lastKnownFileType = sourcecode.swift; path = RecentDayCollectionView.swift; sourceTree = "<group>"; };
		730355D2275A1DA10068DCC8 /* SeparatorView.swift */ = {isa = PBXFileReference; lastKnownFileType = sourcecode.swift; path = SeparatorView.swift; sourceTree = "<group>"; };
		730355D5275A23630068DCC8 /* RecentHeaderView.swift */ = {isa = PBXFileReference; lastKnownFileType = sourcecode.swift; path = RecentHeaderView.swift; sourceTree = "<group>"; };
		7358E6BB274E72E100926C02 /* HourWeatherCell.swift */ = {isa = PBXFileReference; lastKnownFileType = sourcecode.swift; path = HourWeatherCell.swift; sourceTree = "<group>"; };
		7358E6C52751024500926C02 /* CitySearchViewController.swift */ = {isa = PBXFileReference; lastKnownFileType = sourcecode.swift; path = CitySearchViewController.swift; sourceTree = "<group>"; };
		73765C4C2758D15700C1CA4E /* Manrope-ExtraBold.ttf */ = {isa = PBXFileReference; lastKnownFileType = file; path = "Manrope-ExtraBold.ttf"; sourceTree = "<group>"; };
		73765C4D2758D15700C1CA4E /* Manrope-Bold.ttf */ = {isa = PBXFileReference; lastKnownFileType = file; path = "Manrope-Bold.ttf"; sourceTree = "<group>"; };
		73765C4E2758D15700C1CA4E /* Manrope-Medium.ttf */ = {isa = PBXFileReference; lastKnownFileType = file; path = "Manrope-Medium.ttf"; sourceTree = "<group>"; };
		73765C4F2758D15700C1CA4E /* Manrope-SemiBold.ttf */ = {isa = PBXFileReference; lastKnownFileType = file; path = "Manrope-SemiBold.ttf"; sourceTree = "<group>"; };
		73765C542758DC6100C1CA4E /* TodayDataProtocolExtendWeatherModel.swift */ = {isa = PBXFileReference; lastKnownFileType = sourcecode.swift; path = TodayDataProtocolExtendWeatherModel.swift; sourceTree = "<group>"; };
		73765C562759039100C1CA4E /* MainTableView.swift */ = {isa = PBXFileReference; lastKnownFileType = sourcecode.swift; path = MainTableView.swift; sourceTree = "<group>"; };
		73765C582759114C00C1CA4E /* WeatherCellLabel.swift */ = {isa = PBXFileReference; lastKnownFileType = sourcecode.swift; path = WeatherCellLabel.swift; sourceTree = "<group>"; };
		737B1C862751286700397F19 /* CityCollectionViewCell.swift */ = {isa = PBXFileReference; lastKnownFileType = sourcecode.swift; path = CityCollectionViewCell.swift; sourceTree = "<group>"; };
		737B1C882752807500397F19 /* WeatherCityNameLabel.swift */ = {isa = PBXFileReference; lastKnownFileType = sourcecode.swift; path = WeatherCityNameLabel.swift; sourceTree = "<group>"; };
		737B1C8A2752972300397F19 /* WeatherCityNameTextField.swift */ = {isa = PBXFileReference; lastKnownFileType = sourcecode.swift; path = WeatherCityNameTextField.swift; sourceTree = "<group>"; };
		737B1C8C27538A4900397F19 /* NetworkController.swift */ = {isa = PBXFileReference; lastKnownFileType = sourcecode.swift; path = NetworkController.swift; sourceTree = "<group>"; };
		737B1C8E275392E700397F19 /* LocationManager.swift */ = {isa = PBXFileReference; lastKnownFileType = sourcecode.swift; path = LocationManager.swift; sourceTree = "<group>"; };
		737B1C902753930E00397F19 /* MainPresenter.swift */ = {isa = PBXFileReference; lastKnownFileType = sourcecode.swift; path = MainPresenter.swift; sourceTree = "<group>"; };
		737B1C92275393FB00397F19 /* APIResource.swift */ = {isa = PBXFileReference; lastKnownFileType = sourcecode.swift; path = APIResource.swift; sourceTree = "<group>"; };
		737B1C942753964C00397F19 /* Foundation+Extensions.swift */ = {isa = PBXFileReference; lastKnownFileType = sourcecode.swift; path = "Foundation+Extensions.swift"; sourceTree = "<group>"; };
		737B1C9627539E5D00397F19 /* Location.swift */ = {isa = PBXFileReference; lastKnownFileType = sourcecode.swift; path = Location.swift; sourceTree = "<group>"; };
		737B1C982753A38C00397F19 /* WeatherAppErrors.swift */ = {isa = PBXFileReference; lastKnownFileType = sourcecode.swift; path = WeatherAppErrors.swift; sourceTree = "<group>"; };
		737B1C9B2753B79100397F19 /* DIConteiner.swift */ = {isa = PBXFileReference; lastKnownFileType = sourcecode.swift; path = DIConteiner.swift; sourceTree = "<group>"; };
		737B1CA62756700200397F19 /* CurrentDayView.swift */ = {isa = PBXFileReference; lastKnownFileType = sourcecode.swift; path = CurrentDayView.swift; sourceTree = "<group>"; };
		737B1CA92756757100397F19 /* CurrentDayViewCell.swift */ = {isa = PBXFileReference; lastKnownFileType = sourcecode.swift; path = CurrentDayViewCell.swift; sourceTree = "<group>"; };
		737B1CD82757840500397F19 /* Forecast.swift */ = {isa = PBXFileReference; lastKnownFileType = sourcecode.swift; path = Forecast.swift; sourceTree = "<group>"; };
		737B1CDA27578D0000397F19 /* HoursWeatherModel.swift */ = {isa = PBXFileReference; lastKnownFileType = sourcecode.swift; path = HoursWeatherModel.swift; sourceTree = "<group>"; };
		737B1CDC2757962900397F19 /* JSONWeatherData.swift */ = {isa = PBXFileReference; lastKnownFileType = sourcecode.swift; path = JSONWeatherData.swift; sourceTree = "<group>"; };
		73F03797274BD67600C130FC /* WeatherApp.app */ = {isa = PBXFileReference; explicitFileType = wrapper.application; includeInIndex = 0; path = WeatherApp.app; sourceTree = BUILT_PRODUCTS_DIR; };
		73F0379A274BD67600C130FC /* AppDelegate.swift */ = {isa = PBXFileReference; lastKnownFileType = sourcecode.swift; path = AppDelegate.swift; sourceTree = "<group>"; };
		73F0379C274BD67600C130FC /* SceneDelegate.swift */ = {isa = PBXFileReference; lastKnownFileType = sourcecode.swift; path = SceneDelegate.swift; sourceTree = "<group>"; };
		73F037A3274BD67800C130FC /* Assets.xcassets */ = {isa = PBXFileReference; lastKnownFileType = folder.assetcatalog; path = Assets.xcassets; sourceTree = "<group>"; };
		73F037A6274BD67800C130FC /* Base */ = {isa = PBXFileReference; lastKnownFileType = file.storyboard; name = Base; path = Base.lproj/LaunchScreen.storyboard; sourceTree = "<group>"; };
		73F037A8274BD67800C130FC /* Info.plist */ = {isa = PBXFileReference; lastKnownFileType = text.plist.xml; path = Info.plist; sourceTree = "<group>"; };
		73F037B3274BE11E00C130FC /* UIKit+Extensions.swift */ = {isa = PBXFileReference; lastKnownFileType = sourcecode.swift; path = "UIKit+Extensions.swift"; sourceTree = "<group>"; };
		73F037B5274BE33600C130FC /* MainViewController.swift */ = {isa = PBXFileReference; lastKnownFileType = sourcecode.swift; path = MainViewController.swift; sourceTree = "<group>"; };
		73F037B7274BE52700C130FC /* WeatherModel.swift */ = {isa = PBXFileReference; lastKnownFileType = sourcecode.swift; path = WeatherModel.swift; sourceTree = "<group>"; };
		73FD63C3274CF7E400E33A61 /* TodayCell.swift */ = {isa = PBXFileReference; lastKnownFileType = sourcecode.swift; path = TodayCell.swift; sourceTree = "<group>"; };
		73FD63C5274D32BC00E33A61 /* RecentDayCell.swift */ = {isa = PBXFileReference; lastKnownFileType = sourcecode.swift; path = RecentDayCell.swift; sourceTree = "<group>"; };
		73FD63C7274E38DE00E33A61 /* Fonts.swift */ = {isa = PBXFileReference; lastKnownFileType = sourcecode.swift; path = Fonts.swift; sourceTree = "<group>"; };
/* End PBXFileReference section */

/* Begin PBXFrameworksBuildPhase section */
		73F03794274BD67600C130FC /* Frameworks */ = {
			isa = PBXFrameworksBuildPhase;
			buildActionMask = 2147483647;
			files = (
			);
			runOnlyForDeploymentPostprocessing = 0;
		};
/* End PBXFrameworksBuildPhase section */

/* Begin PBXGroup section */
		730355CA2759FF3A0068DCC8 /* RecentDayCellViews */ = {
			isa = PBXGroup;
			children = (
				730355CB275A01930068DCC8 /* RecentDayCellView.swift */,
				730355CD275A101D0068DCC8 /* RecentDayCellBackView.swift */,
				730355D0275A1C450068DCC8 /* RecentDayCollectionView.swift */,
				730355D2275A1DA10068DCC8 /* SeparatorView.swift */,
				730355D5275A23630068DCC8 /* RecentHeaderView.swift */,
			);
			path = RecentDayCellViews;
			sourceTree = "<group>";
		};
		737B1CD52757782200397F19 /* DI */ = {
			isa = PBXGroup;
			children = (
				737B1C9B2753B79100397F19 /* DIConteiner.swift */,
			);
			path = DI;
			sourceTree = "<group>";
		};
		737B1CE12758AEBE00397F19 /* Screens */ = {
			isa = PBXGroup;
			children = (
				737B1CE42758B1EE00397F19 /* CitySearchFragment */,
				737B1CE22758AEE400397F19 /* MainFragment */,
			);
			path = Screens;
			sourceTree = "<group>";
		};
		737B1CE22758AEE400397F19 /* MainFragment */ = {
			isa = PBXGroup;
			children = (
				737B1CE92758B9A800397F19 /* Views */,
				737B1C902753930E00397F19 /* MainPresenter.swift */,
				73F037B5274BE33600C130FC /* MainViewController.swift */,
				73FD63C3274CF7E400E33A61 /* TodayCell.swift */,
				73FD63C5274D32BC00E33A61 /* RecentDayCell.swift */,
				7358E6BB274E72E100926C02 /* HourWeatherCell.swift */,
				73765C542758DC6100C1CA4E /* TodayDataProtocolExtendWeatherModel.swift */,
			);
			path = MainFragment;
			sourceTree = "<group>";
		};
		737B1CE42758B1EE00397F19 /* CitySearchFragment */ = {
			isa = PBXGroup;
			children = (
				7358E6C52751024500926C02 /* CitySearchViewController.swift */,
				737B1C862751286700397F19 /* CityCollectionViewCell.swift */,
			);
			path = CitySearchFragment;
			sourceTree = "<group>";
		};
		737B1CE52758B3DC00397F19 /* Network */ = {
			isa = PBXGroup;
			children = (
				737B1C92275393FB00397F19 /* APIResource.swift */,
				737B1C8C27538A4900397F19 /* NetworkController.swift */,
				737B1C8E275392E700397F19 /* LocationManager.swift */,
			);
			path = Network;
			sourceTree = "<group>";
		};
		737B1CE62758B3FA00397F19 /* Models */ = {
			isa = PBXGroup;
			children = (
				737B1C982753A38C00397F19 /* WeatherAppErrors.swift */,
				737B1C9627539E5D00397F19 /* Location.swift */,
				73F037B7274BE52700C130FC /* WeatherModel.swift */,
				737B1CD82757840500397F19 /* Forecast.swift */,
				737B1CDA27578D0000397F19 /* HoursWeatherModel.swift */,
				737B1CDC2757962900397F19 /* JSONWeatherData.swift */,
			);
			path = Models;
			sourceTree = "<group>";
		};
		737B1CE72758B42700397F19 /* UI */ = {
			isa = PBXGroup;
			children = (
				730355CA2759FF3A0068DCC8 /* RecentDayCellViews */,
				737B1C8A2752972300397F19 /* WeatherCityNameTextField.swift */,
				737B1C882752807500397F19 /* WeatherCityNameLabel.swift */,
				73765C562759039100C1CA4E /* MainTableView.swift */,
				73765C582759114C00C1CA4E /* WeatherCellLabel.swift */,
				730355C227591AE60068DCC8 /* TodayCellBackgroundView.swift */,
				730355C627591E5F0068DCC8 /* TodayCellStackView.swift */,
			);
			path = UI;
			sourceTree = "<group>";
		};
		737B1CE82758B43B00397F19 /* Utils */ = {
			isa = PBXGroup;
			children = (
				73FD63CA274E3C3400E33A61 /* Fonts */,
				73F037B3274BE11E00C130FC /* UIKit+Extensions.swift */,
				737B1C942753964C00397F19 /* Foundation+Extensions.swift */,
			);
			path = Utils;
			sourceTree = "<group>";
		};
		737B1CE92758B9A800397F19 /* Views */ = {
			isa = PBXGroup;
			children = (
				737B1CA62756700200397F19 /* CurrentDayView.swift */,
				737B1CA92756757100397F19 /* CurrentDayViewCell.swift */,
				730355C82759238A0068DCC8 /* TodayCellView.swift */,
			);
			path = Views;
			sourceTree = "<group>";
		};
		73F0378E274BD67600C130FC = {
			isa = PBXGroup;
			children = (
				73F03799274BD67600C130FC /* WeatherApp */,
				73F03798274BD67600C130FC /* Products */,
			);
			sourceTree = "<group>";
		};
		73F03798274BD67600C130FC /* Products */ = {
			isa = PBXGroup;
			children = (
				73F03797274BD67600C130FC /* WeatherApp.app */,
			);
			name = Products;
			sourceTree = "<group>";
		};
		73F03799274BD67600C130FC /* WeatherApp */ = {
			isa = PBXGroup;
			children = (
				737B1CD52757782200397F19 /* DI */,
				737B1CE82758B43B00397F19 /* Utils */,
				737B1CE72758B42700397F19 /* UI */,
				737B1CE62758B3FA00397F19 /* Models */,
				737B1CE52758B3DC00397F19 /* Network */,
				737B1CE12758AEBE00397F19 /* Screens */,
				73F0379A274BD67600C130FC /* AppDelegate.swift */,
				73F0379C274BD67600C130FC /* SceneDelegate.swift */,
				73F037A3274BD67800C130FC /* Assets.xcassets */,
				73F037A5274BD67800C130FC /* LaunchScreen.storyboard */,
				73F037A8274BD67800C130FC /* Info.plist */,
			);
			path = WeatherApp;
			sourceTree = "<group>";
		};
		73FD63CA274E3C3400E33A61 /* Fonts */ = {
			isa = PBXGroup;
			children = (
				73FD63C7274E38DE00E33A61 /* Fonts.swift */,
				73765C4D2758D15700C1CA4E /* Manrope-Bold.ttf */,
				73765C4C2758D15700C1CA4E /* Manrope-ExtraBold.ttf */,
				73765C4E2758D15700C1CA4E /* Manrope-Medium.ttf */,
				73765C4F2758D15700C1CA4E /* Manrope-SemiBold.ttf */,
			);
			path = Fonts;
			sourceTree = "<group>";
		};
/* End PBXGroup section */

/* Begin PBXNativeTarget section */
		73F03796274BD67600C130FC /* WeatherApp */ = {
			isa = PBXNativeTarget;
			buildConfigurationList = 73F037AB274BD67800C130FC /* Build configuration list for PBXNativeTarget "WeatherApp" */;
			buildPhases = (
				73F03793274BD67600C130FC /* Sources */,
				73F03794274BD67600C130FC /* Frameworks */,
				73F03795274BD67600C130FC /* Resources */,
			);
			buildRules = (
			);
			dependencies = (
			);
			name = WeatherApp;
			productName = WeatherApp;
			productReference = 73F03797274BD67600C130FC /* WeatherApp.app */;
			productType = "com.apple.product-type.application";
		};
/* End PBXNativeTarget section */

/* Begin PBXProject section */
		73F0378F274BD67600C130FC /* Project object */ = {
			isa = PBXProject;
			attributes = {
				BuildIndependentTargetsInParallel = 1;
				LastSwiftUpdateCheck = 1310;
				LastUpgradeCheck = 1310;
				TargetAttributes = {
					73F03796274BD67600C130FC = {
						CreatedOnToolsVersion = 13.1;
					};
				};
			};
			buildConfigurationList = 73F03792274BD67600C130FC /* Build configuration list for PBXProject "WeatherApp" */;
			compatibilityVersion = "Xcode 13.0";
			developmentRegion = en;
			hasScannedForEncodings = 0;
			knownRegions = (
				en,
				Base,
			);
			mainGroup = 73F0378E274BD67600C130FC;
			productRefGroup = 73F03798274BD67600C130FC /* Products */;
			projectDirPath = "";
			projectRoot = "";
			targets = (
				73F03796274BD67600C130FC /* WeatherApp */,
			);
		};
/* End PBXProject section */

/* Begin PBXResourcesBuildPhase section */
		73F03795274BD67600C130FC /* Resources */ = {
			isa = PBXResourcesBuildPhase;
			buildActionMask = 2147483647;
			files = (
				73765C512758D15700C1CA4E /* Manrope-Bold.ttf in Resources */,
				73765C502758D15700C1CA4E /* Manrope-ExtraBold.ttf in Resources */,
				73F037A7274BD67800C130FC /* LaunchScreen.storyboard in Resources */,
				73F037A4274BD67800C130FC /* Assets.xcassets in Resources */,
				73765C532758D15700C1CA4E /* Manrope-SemiBold.ttf in Resources */,
				73765C522758D15700C1CA4E /* Manrope-Medium.ttf in Resources */,
			);
			runOnlyForDeploymentPostprocessing = 0;
		};
/* End PBXResourcesBuildPhase section */

/* Begin PBXSourcesBuildPhase section */
		73F03793274BD67600C130FC /* Sources */ = {
			isa = PBXSourcesBuildPhase;
			buildActionMask = 2147483647;
			files = (
				737B1C9C2753B79100397F19 /* DIConteiner.swift in Sources */,
				73F0379B274BD67600C130FC /* AppDelegate.swift in Sources */,
				73FD63C6274D32BC00E33A61 /* RecentDayCell.swift in Sources */,
				737B1C9727539E5D00397F19 /* Location.swift in Sources */,
				737B1C8B2752972300397F19 /* WeatherCityNameTextField.swift in Sources */,
				737B1CAA2756757100397F19 /* CurrentDayViewCell.swift in Sources */,
				737B1CDD2757962900397F19 /* JSONWeatherData.swift in Sources */,
				73F037B4274BE11E00C130FC /* UIKit+Extensions.swift in Sources */,
				737B1CDB27578D0000397F19 /* HoursWeatherModel.swift in Sources */,
				737B1C8F275392E700397F19 /* LocationManager.swift in Sources */,
				730355C92759238A0068DCC8 /* TodayCellView.swift in Sources */,
				730355CC275A01930068DCC8 /* RecentDayCellView.swift in Sources */,
				730355C327591AE60068DCC8 /* TodayCellBackgroundView.swift in Sources */,
				73765C572759039100C1CA4E /* MainTableView.swift in Sources */,
				737B1C872751286700397F19 /* CityCollectionViewCell.swift in Sources */,
				737B1C992753A38C00397F19 /* WeatherAppErrors.swift in Sources */,
				737B1C8D27538A4900397F19 /* NetworkController.swift in Sources */,
				737B1C912753930E00397F19 /* MainPresenter.swift in Sources */,
				730355D3275A1DA10068DCC8 /* SeparatorView.swift in Sources */,
				7358E6BC274E72E100926C02 /* HourWeatherCell.swift in Sources */,
				73F0379D274BD67600C130FC /* SceneDelegate.swift in Sources */,
				73765C552758DC6100C1CA4E /* TodayDataProtocolExtendWeatherModel.swift in Sources */,
				737B1CA72756700200397F19 /* CurrentDayView.swift in Sources */,
				73FD63C4274CF7E400E33A61 /* TodayCell.swift in Sources */,
				730355D6275A23630068DCC8 /* RecentHeaderView.swift in Sources */,
				737B1CD92757840500397F19 /* Forecast.swift in Sources */,
				737B1C93275393FB00397F19 /* APIResource.swift in Sources */,
				73F037B6274BE33600C130FC /* MainViewController.swift in Sources */,
				7358E6C62751024500926C02 /* CitySearchViewController.swift in Sources */,
				730355C727591E5F0068DCC8 /* TodayCellStackView.swift in Sources */,
				73FD63C8274E38DE00E33A61 /* Fonts.swift in Sources */,
				730355CE275A101D0068DCC8 /* RecentDayCellBackView.swift in Sources */,
				730355D1275A1C450068DCC8 /* RecentDayCollectionView.swift in Sources */,
				73765C592759114C00C1CA4E /* WeatherCellLabel.swift in Sources */,
				737B1C892752807500397F19 /* WeatherCityNameLabel.swift in Sources */,
				73F037B8274BE52700C130FC /* WeatherModel.swift in Sources */,
				737B1C952753964C00397F19 /* Foundation+Extensions.swift in Sources */,
			);
			runOnlyForDeploymentPostprocessing = 0;
		};
/* End PBXSourcesBuildPhase section */

/* Begin PBXVariantGroup section */
		73F037A5274BD67800C130FC /* LaunchScreen.storyboard */ = {
			isa = PBXVariantGroup;
			children = (
				73F037A6274BD67800C130FC /* Base */,
			);
			name = LaunchScreen.storyboard;
			sourceTree = "<group>";
		};
/* End PBXVariantGroup section */

/* Begin XCBuildConfiguration section */
		73F037A9274BD67800C130FC /* Debug */ = {
			isa = XCBuildConfiguration;
			buildSettings = {
				ALWAYS_SEARCH_USER_PATHS = NO;
				CLANG_ANALYZER_NONNULL = YES;
				CLANG_ANALYZER_NUMBER_OBJECT_CONVERSION = YES_AGGRESSIVE;
				CLANG_CXX_LANGUAGE_STANDARD = "gnu++17";
				CLANG_CXX_LIBRARY = "libc++";
				CLANG_ENABLE_MODULES = YES;
				CLANG_ENABLE_OBJC_ARC = YES;
				CLANG_ENABLE_OBJC_WEAK = YES;
				CLANG_WARN_BLOCK_CAPTURE_AUTORELEASING = YES;
				CLANG_WARN_BOOL_CONVERSION = YES;
				CLANG_WARN_COMMA = YES;
				CLANG_WARN_CONSTANT_CONVERSION = YES;
				CLANG_WARN_DEPRECATED_OBJC_IMPLEMENTATIONS = YES;
				CLANG_WARN_DIRECT_OBJC_ISA_USAGE = YES_ERROR;
				CLANG_WARN_DOCUMENTATION_COMMENTS = YES;
				CLANG_WARN_EMPTY_BODY = YES;
				CLANG_WARN_ENUM_CONVERSION = YES;
				CLANG_WARN_INFINITE_RECURSION = YES;
				CLANG_WARN_INT_CONVERSION = YES;
				CLANG_WARN_NON_LITERAL_NULL_CONVERSION = YES;
				CLANG_WARN_OBJC_IMPLICIT_RETAIN_SELF = YES;
				CLANG_WARN_OBJC_LITERAL_CONVERSION = YES;
				CLANG_WARN_OBJC_ROOT_CLASS = YES_ERROR;
				CLANG_WARN_QUOTED_INCLUDE_IN_FRAMEWORK_HEADER = YES;
				CLANG_WARN_RANGE_LOOP_ANALYSIS = YES;
				CLANG_WARN_STRICT_PROTOTYPES = YES;
				CLANG_WARN_SUSPICIOUS_MOVE = YES;
				CLANG_WARN_UNGUARDED_AVAILABILITY = YES_AGGRESSIVE;
				CLANG_WARN_UNREACHABLE_CODE = YES;
				CLANG_WARN__DUPLICATE_METHOD_MATCH = YES;
				COPY_PHASE_STRIP = NO;
				DEBUG_INFORMATION_FORMAT = dwarf;
				ENABLE_STRICT_OBJC_MSGSEND = YES;
				ENABLE_TESTABILITY = YES;
				GCC_C_LANGUAGE_STANDARD = gnu11;
				GCC_DYNAMIC_NO_PIC = NO;
				GCC_NO_COMMON_BLOCKS = YES;
				GCC_OPTIMIZATION_LEVEL = 0;
				GCC_PREPROCESSOR_DEFINITIONS = (
					"DEBUG=1",
					"$(inherited)",
				);
				GCC_WARN_64_TO_32_BIT_CONVERSION = YES;
				GCC_WARN_ABOUT_RETURN_TYPE = YES_ERROR;
				GCC_WARN_UNDECLARED_SELECTOR = YES;
				GCC_WARN_UNINITIALIZED_AUTOS = YES_AGGRESSIVE;
				GCC_WARN_UNUSED_FUNCTION = YES;
				GCC_WARN_UNUSED_VARIABLE = YES;
				IPHONEOS_DEPLOYMENT_TARGET = 15.0;
				MTL_ENABLE_DEBUG_INFO = INCLUDE_SOURCE;
				MTL_FAST_MATH = YES;
				ONLY_ACTIVE_ARCH = YES;
				SDKROOT = iphoneos;
				SWIFT_ACTIVE_COMPILATION_CONDITIONS = DEBUG;
				SWIFT_OPTIMIZATION_LEVEL = "-Onone";
			};
			name = Debug;
		};
		73F037AA274BD67800C130FC /* Release */ = {
			isa = XCBuildConfiguration;
			buildSettings = {
				ALWAYS_SEARCH_USER_PATHS = NO;
				CLANG_ANALYZER_NONNULL = YES;
				CLANG_ANALYZER_NUMBER_OBJECT_CONVERSION = YES_AGGRESSIVE;
				CLANG_CXX_LANGUAGE_STANDARD = "gnu++17";
				CLANG_CXX_LIBRARY = "libc++";
				CLANG_ENABLE_MODULES = YES;
				CLANG_ENABLE_OBJC_ARC = YES;
				CLANG_ENABLE_OBJC_WEAK = YES;
				CLANG_WARN_BLOCK_CAPTURE_AUTORELEASING = YES;
				CLANG_WARN_BOOL_CONVERSION = YES;
				CLANG_WARN_COMMA = YES;
				CLANG_WARN_CONSTANT_CONVERSION = YES;
				CLANG_WARN_DEPRECATED_OBJC_IMPLEMENTATIONS = YES;
				CLANG_WARN_DIRECT_OBJC_ISA_USAGE = YES_ERROR;
				CLANG_WARN_DOCUMENTATION_COMMENTS = YES;
				CLANG_WARN_EMPTY_BODY = YES;
				CLANG_WARN_ENUM_CONVERSION = YES;
				CLANG_WARN_INFINITE_RECURSION = YES;
				CLANG_WARN_INT_CONVERSION = YES;
				CLANG_WARN_NON_LITERAL_NULL_CONVERSION = YES;
				CLANG_WARN_OBJC_IMPLICIT_RETAIN_SELF = YES;
				CLANG_WARN_OBJC_LITERAL_CONVERSION = YES;
				CLANG_WARN_OBJC_ROOT_CLASS = YES_ERROR;
				CLANG_WARN_QUOTED_INCLUDE_IN_FRAMEWORK_HEADER = YES;
				CLANG_WARN_RANGE_LOOP_ANALYSIS = YES;
				CLANG_WARN_STRICT_PROTOTYPES = YES;
				CLANG_WARN_SUSPICIOUS_MOVE = YES;
				CLANG_WARN_UNGUARDED_AVAILABILITY = YES_AGGRESSIVE;
				CLANG_WARN_UNREACHABLE_CODE = YES;
				CLANG_WARN__DUPLICATE_METHOD_MATCH = YES;
				COPY_PHASE_STRIP = NO;
				DEBUG_INFORMATION_FORMAT = "dwarf-with-dsym";
				ENABLE_NS_ASSERTIONS = NO;
				ENABLE_STRICT_OBJC_MSGSEND = YES;
				GCC_C_LANGUAGE_STANDARD = gnu11;
				GCC_NO_COMMON_BLOCKS = YES;
				GCC_WARN_64_TO_32_BIT_CONVERSION = YES;
				GCC_WARN_ABOUT_RETURN_TYPE = YES_ERROR;
				GCC_WARN_UNDECLARED_SELECTOR = YES;
				GCC_WARN_UNINITIALIZED_AUTOS = YES_AGGRESSIVE;
				GCC_WARN_UNUSED_FUNCTION = YES;
				GCC_WARN_UNUSED_VARIABLE = YES;
				IPHONEOS_DEPLOYMENT_TARGET = 15.0;
				MTL_ENABLE_DEBUG_INFO = NO;
				MTL_FAST_MATH = YES;
				SDKROOT = iphoneos;
				SWIFT_COMPILATION_MODE = wholemodule;
				SWIFT_OPTIMIZATION_LEVEL = "-O";
				VALIDATE_PRODUCT = YES;
			};
			name = Release;
		};
		73F037AC274BD67800C130FC /* Debug */ = {
			isa = XCBuildConfiguration;
			buildSettings = {
				ASSETCATALOG_COMPILER_APPICON_NAME = AppIcon;
				ASSETCATALOG_COMPILER_GLOBAL_ACCENT_COLOR_NAME = AccentColor;
				CODE_SIGN_STYLE = Automatic;
				CURRENT_PROJECT_VERSION = 1;
				GENERATE_INFOPLIST_FILE = YES;
				INFOPLIST_FILE = WeatherApp/Info.plist;
				INFOPLIST_KEY_UIApplicationSupportsIndirectInputEvents = YES;
				INFOPLIST_KEY_UILaunchStoryboardName = LaunchScreen;
				INFOPLIST_KEY_UISupportedInterfaceOrientations_iPad = "UIInterfaceOrientationPortrait UIInterfaceOrientationPortraitUpsideDown UIInterfaceOrientationLandscapeLeft UIInterfaceOrientationLandscapeRight";
				INFOPLIST_KEY_UISupportedInterfaceOrientations_iPhone = "UIInterfaceOrientationPortrait UIInterfaceOrientationLandscapeLeft UIInterfaceOrientationLandscapeRight";
				LD_RUNPATH_SEARCH_PATHS = (
					"$(inherited)",
					"@executable_path/Frameworks",
				);
				MARKETING_VERSION = 1.0;
				PRODUCT_BUNDLE_IDENTIFIER = denisSychev.WeatherApp;
				PRODUCT_NAME = "$(TARGET_NAME)";
				SWIFT_EMIT_LOC_STRINGS = YES;
				SWIFT_VERSION = 5.0;
				TARGETED_DEVICE_FAMILY = 1;
			};
			name = Debug;
		};
		73F037AD274BD67800C130FC /* Release */ = {
			isa = XCBuildConfiguration;
			buildSettings = {
				ASSETCATALOG_COMPILER_APPICON_NAME = AppIcon;
				ASSETCATALOG_COMPILER_GLOBAL_ACCENT_COLOR_NAME = AccentColor;
				CODE_SIGN_STYLE = Automatic;
				CURRENT_PROJECT_VERSION = 1;
				GENERATE_INFOPLIST_FILE = YES;
				INFOPLIST_FILE = WeatherApp/Info.plist;
				INFOPLIST_KEY_UIApplicationSupportsIndirectInputEvents = YES;
				INFOPLIST_KEY_UILaunchStoryboardName = LaunchScreen;
				INFOPLIST_KEY_UISupportedInterfaceOrientations_iPad = "UIInterfaceOrientationPortrait UIInterfaceOrientationPortraitUpsideDown UIInterfaceOrientationLandscapeLeft UIInterfaceOrientationLandscapeRight";
				INFOPLIST_KEY_UISupportedInterfaceOrientations_iPhone = "UIInterfaceOrientationPortrait UIInterfaceOrientationLandscapeLeft UIInterfaceOrientationLandscapeRight";
				LD_RUNPATH_SEARCH_PATHS = (
					"$(inherited)",
					"@executable_path/Frameworks",
				);
				MARKETING_VERSION = 1.0;
				PRODUCT_BUNDLE_IDENTIFIER = denisSychev.WeatherApp;
				PRODUCT_NAME = "$(TARGET_NAME)";
				SWIFT_EMIT_LOC_STRINGS = YES;
				SWIFT_VERSION = 5.0;
				TARGETED_DEVICE_FAMILY = 1;
			};
			name = Release;
		};
/* End XCBuildConfiguration section */

/* Begin XCConfigurationList section */
		73F03792274BD67600C130FC /* Build configuration list for PBXProject "WeatherApp" */ = {
			isa = XCConfigurationList;
			buildConfigurations = (
				73F037A9274BD67800C130FC /* Debug */,
				73F037AA274BD67800C130FC /* Release */,
			);
			defaultConfigurationIsVisible = 0;
			defaultConfigurationName = Release;
		};
		73F037AB274BD67800C130FC /* Build configuration list for PBXNativeTarget "WeatherApp" */ = {
			isa = XCConfigurationList;
			buildConfigurations = (
				73F037AC274BD67800C130FC /* Debug */,
				73F037AD274BD67800C130FC /* Release */,
			);
			defaultConfigurationIsVisible = 0;
			defaultConfigurationName = Release;
		};
/* End XCConfigurationList section */
	};
	rootObject = 73F0378F274BD67600C130FC /* Project object */;
}
